
Microsoft Visual Studio Solution File, Format Version 12.00
# Visual Studio Version 16
VisualStudioVersion = 16.0.29613.14
MinimumVisualStudioVersion = 10.0.40219.1
Project("{FAE04EC0-301F-11D3-BF4B-00C04F79EFBC}") = "Recap1", "Recap1\Recap1.csproj", "{44BB688A-B7F6-4E0E-BE44-18BD707153EE}"
EndProject
Global
	GlobalSection(SolutionConfigurationPlatforms) = preSolution
		Debug|Any CPU = Debug|Any CPU
		Release|Any CPU = Release|Any CPU
	EndGlobalSection
	GlobalSection(ProjectConfigurationPlatforms) = postSolution
		{44BB688A-B7F6-4E0E-BE44-18BD707153EE}.Debug|Any CPU.ActiveCfg = Debug|Any CPU
		{44BB688A-B7F6-4E0E-BE44-18BD707153EE}.Debug|Any CPU.Build.0 = Debug|Any CPU
		{44BB688A-B7F6-4E0E-BE44-18BD707153EE}.Release|Any CPU.ActiveCfg = Release|Any CPU
		{44BB688A-B7F6-4E0E-BE44-18BD707153EE}.Release|Any CPU.Build.0 = Release|Any CPU
	EndGlobalSection
	GlobalSection(SolutionProperties) = preSolution
		HideSolutionNode = FALSE
	EndGlobalSection
	GlobalSection(ExtensibilityGlobals) = postSolution
		SolutionGuid = {A0522B81-DC09-47F0-8156-4B0DC97E343D}
	EndGlobalSection
EndGlobal
